GEM
  remote: https://rubygems.org/
  specs:
    base64 (0.3.0)
    bigdecimal (4.1.2)
    canon (0.2.12)
      diff-lcs
      json
      moxml (~> 0.1.22)
      nokogiri
      paint
      rainbow
      table_tennis
      thor
      unicode-name
    concurrent-ruby (1.3.8)
    coradoc (2.0.29)
      lutaml-model (~> 0.8.0)
      thor (>= 1.0)
    coradoc-adoc (2.0.33)
      coradoc (~> 2.0)
      lutaml-model (~> 0.8.0)
      parslet
    coradoc-mirror (0.1.11)
      coradoc (~> 2.0)
    csv (3.3.5)
    diff-lcs (1.6.2)
    ffi (1.17.4-arm64-darwin)
    ffi (1.17.4-x86_64-darwin)
    ffi (1.17.4-x86_64-linux-gnu)
    json (2.21.1)
    liquid (5.13.0)
      bigdecimal
      strscan (>= 3.1.1)
    lutaml-model (0.8.17)
      base64
      bigdecimal
      canon
      concurrent-ruby
      liquid (>= 4.0, < 6.0)
      moxml (~> 0.1.23)
      ostruct
      rubyzip (~> 2.3)
      thor
    memo_wise (1.13.0)
    moxml (0.1.25)
    nokogiri (1.19.4-arm64-darwin)
      racc (~> 1.4)
    nokogiri (1.19.4-x86_64-darwin)
      racc (~> 1.4)
    nokogiri (1.19.4-x86_64-linux-gnu)
      racc (~> 1.4)
    ostruct (0.6.3)
    paint (2.3.0)
    parslet (2.0.0)
    racc (1.8.1)
    rainbow (3.1.1)
    rake (13.0.6)
    rspec (3.13.2)
      rspec-core (~> 3.13.0)
      rspec-expectations (~> 3.13.0)
      rspec-mocks (~> 3.13.0)
    rspec-core (3.13.6)
      rspec-support (~> 3.13.0)
    rspec-expectations (3.13.5)
      diff-lcs (>= 1.2.0, < 2.0)
      rspec-support (~> 3.13.0)
    rspec-mocks (3.13.8)
      diff-lcs (>= 1.2.0, < 2.0)
      rspec-support (~> 3.13.0)
    rspec-support (3.13.7)
    rubyzip (2.4.1)
    strscan (3.1.8)
    table_tennis (1.0.0)
      csv (~> 3.3)
      ffi (~> 1.17)
      memo_wise (~> 1.13)
      paint (~> 2.3)
      unicode-display_width (~> 3.2)
    thor (1.5.0)
    unicode-display_width (3.2.0)
      unicode-emoji (~> 4.1)
    unicode-emoji (4.2.0)
    unicode-name (1.14.0)
      unicode-types (~> 1.11)
    unicode-types (1.11.0)

PLATFORMS
  arm64-darwin-21
  arm64-darwin-23
  x86_64-darwin-19
  x86_64-darwin-20
  x86_64-linux

DEPENDENCIES
  coradoc
  coradoc-adoc (>= 2.0.32)
  coradoc-mirror
  rake
  rspec (~> 3.13)

BUNDLED WITH
   2.7.2
